
Microsoft Visual Studio Solution File, Format Version 12.00
# Visual Studio Version 17
VisualStudioVersion = 17.3.32825.248
MinimumVisualStudioVersion = 10.0.40219.1
Project("{FAE04EC0-301F-11D3-BF4B-00C04F79EFBC}") = "TeslaUsbKeepCarAwake", "TeslaUsbKeepCarAwake\TeslaUsbKeepCarAwake.csproj", "{ACA54A57-C573-4096-9BDB-6BCAA2BB82E1}"
EndProject
Global
	GlobalSection(SolutionConfigurationPlatforms) = preSolution
		Debug|Any CPU = Debug|Any CPU
		Release|Any CPU = Release|Any CPU
	EndGlobalSection
	GlobalSection(ProjectConfigurationPlatforms) = postSolution
		{ACA54A57-C573-4096-9BDB-6BCAA2BB82E1}.Debug|Any CPU.ActiveCfg = Debug|Any CPU
		{ACA54A57-C573-4096-9BDB-6BCAA2BB82E1}.Debug|Any CPU.Build.0 = Debug|Any CPU
		{ACA54A57-C573-4096-9BDB-6BCAA2BB82E1}.Release|Any CPU.ActiveCfg = Release|Any CPU
		{ACA54A57-C573-4096-9BDB-6BCAA2BB82E1}.Release|Any CPU.Build.0 = Release|Any CPU
	EndGlobalSection
	GlobalSection(SolutionProperties) = preSolution
		HideSolutionNode = FALSE
	EndGlobalSection
	GlobalSection(ExtensibilityGlobals) = postSolution
		SolutionGuid = {9D76BE7E-6DA8-4D52-9A59-69A367F24890}
	EndGlobalSection
EndGlobal
